// !$*UTF8*$!
{
	archiveVersion = 1;
	classes = {
	};
	objectVersion = 46;
	objects = {

/* Begin PBXBuildFile section */
		91E26CA31C7DAC4500CC3D50 /* AppDelegate.swift in Sources */ = {isa = PBXBuildFile; fileRef = 91E26CA21C7DAC4500CC3D50 /* AppDelegate.swift */; };
		91E26CA51C7DAC4500CC3D50 /* ViewController.swift in Sources */ = {isa = PBXBuildFile; fileRef = 91E26CA41C7DAC4500CC3D50 /* ViewController.swift */; };
		91E26CA81C7DAC4500CC3D50 /* Main.storyboard in Resources */ = {isa = PBXBuildFile; fileRef = 91E26CA61C7DAC4500CC3D50 /* Main.storyboard */; };
		91E26CAA1C7DAC4500CC3D50 /* Assets.xcassets in Resources */ = {isa = PBXBuildFile; fileRef = 91E26CA91C7DAC4500CC3D50 /* Assets.xcassets */; };
		91E26CAD1C7DAC4500CC3D50 /* LaunchScreen.storyboard in Resources */ = {isa = PBXBuildFile; fileRef = 91E26CAB1C7DAC4500CC3D50 /* LaunchScreen.storyboard */; };
		91E26CB81C7DAC4500CC3D50 /* DogFrameTests.swift in Sources */ = {isa = PBXBuildFile; fileRef = 91E26CB71C7DAC4500CC3D50 /* DogFrameTests.swift */; };
		91E26CC31C7DAC4500CC3D50 /* DogFrameUITests.swift in Sources */ = {isa = PBXBuildFile; fileRef = 91E26CC21C7DAC4500CC3D50 /* DogFrameUITests.swift */; };
		91E26CD31C7DAC7F00CC3D50 /* DogFrame.swift in Sources */ = {isa = PBXBuildFile; fileRef = 91E26CD21C7DAC7F00CC3D50 /* DogFrame.swift */; };
/* End PBXBuildFile section */

/* Begin PBXContainerItemProxy section */
		91E26CB41C7DAC4500CC3D50 /* PBXContainerItemProxy */ = {
			isa = PBXContainerItemProxy;
			containerPortal = 91E26C971C7DAC4500CC3D50 /* Project object */;
			proxyType = 1;
			remoteGlobalIDString = 91E26C9E1C7DAC4500CC3D50;
			remoteInfo = DogFrame;
		};
		91E26CBF1C7DAC4500CC3D50 /* PBXContainerItemProxy */ = {
			isa = PBXContainerItemProxy;
			containerPortal = 91E26C971C7DAC4500CC3D50 /* Project object */;
			proxyType = 1;
			remoteGlobalIDString = 91E26C9E1C7DAC4500CC3D50;
			remoteInfo = DogFrame;
		};
/* End PBXContainerItemProxy section */

/* Begin PBXFileReference section */
		91E26C9F1C7DAC4500CC3D50 /* DogFrame.app */ = {isa = PBXFileReference; explicitFileType = wrapper.application; includeInIndex = 0; path = DogFrame.app; sourceTree = BUILT_PRODUCTS_DIR; };
		91E26CA21C7DAC4500CC3D50 /* AppDelegate.swift */ = {isa = PBXFileReference; lastKnownFileType = sourcecode.swift; path = AppDelegate.swift; sourceTree = "<group>"; };
		91E26CA41C7DAC4500CC3D50 /* ViewController.swift */ = {isa = PBXFileReference; lastKnownFileType = sourcecode.swift; path = ViewController.swift; sourceTree = "<group>"; };
		91E26CA71C7DAC4500CC3D50 /* Base */ = {isa = PBXFileReference; lastKnownFileType = file.storyboard; name = Base; path = Base.lproj/Main.storyboard; sourceTree = "<group>"; };
		91E26CA91C7DAC4500CC3D50 /* Assets.xcassets */ = {isa = PBXFileReference; lastKnownFileType = folder.assetcatalog; path = Assets.xcassets; sourceTree = "<group>"; };
		91E26CAC1C7DAC4500CC3D50 /* Base */ = {isa = PBXFileReference; lastKnownFileType = file.storyboard; name = Base; path = Base.lproj/LaunchScreen.storyboard; sourceTree = "<group>"; };
		91E26CAE1C7DAC4500CC3D50 /* Info.plist */ = {isa = PBXFileReference; lastKnownFileType = text.plist.xml; path = Info.plist; sourceTree = "<group>"; };
		91E26CB31C7DAC4500CC3D50 /* DogFrameTests.xctest */ = {isa = PBXFileReference; explicitFileType = wrapper.cfbundle; includeInIndex = 0; path = DogFrameTests.xctest; sourceTree = BUILT_PRODUCTS_DIR; };
		91E26CB71C7DAC4500CC3D50 /* DogFrameTests.swift */ = {isa = PBXFileReference; lastKnownFileType = sourcecode.swift; path = DogFrameTests.swift; sourceTree = "<group>"; };
		91E26CB91C7DAC4500CC3D50 /* Info.plist */ = {isa = PBXFileReference; lastKnownFileType = text.plist.xml; path = Info.plist; sourceTree = "<group>"; };
		91E26CBE1C7DAC4500CC3D50 /* DogFrameUITests.xctest */ = {isa = PBXFileReference; explicitFileType = wrapper.cfbundle; includeInIndex = 0; path = DogFrameUITests.xctest; sourceTree = BUILT_PRODUCTS_DIR; };
		91E26CC21C7DAC4500CC3D50 /* DogFrameUITests.swift */ = {isa = PBXFileReference; lastKnownFileType = sourcecode.swift; path = DogFrameUITests.swift; sourceTree = "<group>"; };
		91E26CC41C7DAC4500CC3D50 /* Info.plist */ = {isa = PBXFileReference; lastKnownFileType = text.plist.xml; path = Info.plist; sourceTree = "<group>"; };
		91E26CD21C7DAC7F00CC3D50 /* DogFrame.swift */ = {isa = PBXFileReference; fileEncoding = 4; lastKnownFileType = sourcecode.swift; name = DogFrame.swift; path = DogFrame/DogFrame.swift; sourceTree = "<group>"; };
/* End PBXFileReference section */

/* Begin PBXFrameworksBuildPhase section */
		91E26C9C1C7DAC4500CC3D50 /* Frameworks */ = {
			isa = PBXFrameworksBuildPhase;
			buildActionMask = 2147483647;
			files = (
			);
			runOnlyForDeploymentPostprocessing = 0;
		};
		91E26CB01C7DAC4500CC3D50 /* Frameworks */ = {
			isa = PBXFrameworksBuildPhase;
			buildActionMask = 2147483647;
			files = (
			);
			runOnlyForDeploymentPostprocessing = 0;
		};
		91E26CBB1C7DAC4500CC3D50 /* Frameworks */ = {
			isa = PBXFrameworksBuildPhase;
			buildActionMask = 2147483647;
			files = (
			);
			runOnlyForDeploymentPostprocessing = 0;
		};
/* End PBXFrameworksBuildPhase section */

/* Begin PBXGroup section */
		91E26C961C7DAC4500CC3D50 = {
			isa = PBXGroup;
			children = (
				91E26CA11C7DAC4500CC3D50 /* DogFrame */,
				91E26CB61C7DAC4500CC3D50 /* DogFrameTests */,
				91E26CC11C7DAC4500CC3D50 /* DogFrameUITests */,
				91E26CA01C7DAC4500CC3D50 /* Products */,
			);
			sourceTree = "<group>";
		};
		91E26CA01C7DAC4500CC3D50 /* Products */ = {
			isa = PBXGroup;
			children = (
				91E26C9F1C7DAC4500CC3D50 /* DogFrame.app */,
				91E26CB31C7DAC4500CC3D50 /* DogFrameTests.xctest */,
				91E26CBE1C7DAC4500CC3D50 /* DogFrameUITests.xctest */,
			);
			name = Products;
			sourceTree = "<group>";
		};
		91E26CA11C7DAC4500CC3D50 /* DogFrame */ = {
			isa = PBXGroup;
			children = (
				91E26CD01C7DAC4C00CC3D50 /* DogFrame */,
				91E26CA21C7DAC4500CC3D50 /* AppDelegate.swift */,
				91E26CA41C7DAC4500CC3D50 /* ViewController.swift */,
				91E26CA61C7DAC4500CC3D50 /* Main.storyboard */,
				91E26CA91C7DAC4500CC3D50 /* Assets.xcassets */,
				91E26CAB1C7DAC4500CC3D50 /* LaunchScreen.storyboard */,
				91E26CAE1C7DAC4500CC3D50 /* Info.plist */,
			);
			path = DogFrame;
			sourceTree = "<group>";
		};
		91E26CB61C7DAC4500CC3D50 /* DogFrameTests */ = {
			isa = PBXGroup;
			children = (
				91E26CB71C7DAC4500CC3D50 /* DogFrameTests.swift */,
				91E26CB91C7DAC4500CC3D50 /* Info.plist */,
			);
			path = DogFrameTests;
			sourceTree = "<group>";
		};
		91E26CC11C7DAC4500CC3D50 /* DogFrameUITests */ = {
			isa = PBXGroup;
			children = (
				91E26CC21C7DAC4500CC3D50 /* DogFrameUITests.swift */,
				91E26CC41C7DAC4500CC3D50 /* Info.plist */,
			);
			path = DogFrameUITests;
			sourceTree = "<group>";
		};
		91E26CD01C7DAC4C00CC3D50 /* DogFrame */ = {
			isa = PBXGroup;
			children = (
				91E26CD21C7DAC7F00CC3D50 /* DogFrame.swift */,
			);
			name = DogFrame;
			sourceTree = "<group>";
		};
/* End PBXGroup section */

/* Begin PBXNativeTarget section */
		91E26C9E1C7DAC4500CC3D50 /* DogFrame */ = {
			isa = PBXNativeTarget;
			buildConfigurationList = 91E26CC71C7DAC4500CC3D50 /* Build configuration list for PBXNativeTarget "DogFrame" */;
			buildPhases = (
				91E26C9B1C7DAC4500CC3D50 /* Sources */,
				91E26C9C1C7DAC4500CC3D50 /* Frameworks */,
				91E26C9D1C7DAC4500CC3D50 /* Resources */,
			);
			buildRules = (
			);
			dependencies = (
			);
			name = DogFrame;
			productName = DogFrame;
			productReference = 91E26C9F1C7DAC4500CC3D50 /* DogFrame.app */;
			productType = "com.apple.product-type.application";
		};
		91E26CB21C7DAC4500CC3D50 /* DogFrameTests */ = {
			isa = PBXNativeTarget;
			buildConfigurationList = 91E26CCA1C7DAC4500CC3D50 /* Build configuration list for PBXNativeTarget "DogFrameTests" */;
			buildPhases = (
				91E26CAF1C7DAC4500CC3D50 /* Sources */,
				91E26CB01C7DAC4500CC3D50 /* Frameworks */,
				91E26CB11C7DAC4500CC3D50 /* Resources */,
			);
			buildRules = (
			);
			dependencies = (
				91E26CB51C7DAC4500CC3D50 /* PBXTargetDependency */,
			);
			name = DogFrameTests;
			productName = DogFrameTests;
			productReference = 91E26CB31C7DAC4500CC3D50 /* DogFrameTests.xctest */;
			productType = "com.apple.product-type.bundle.unit-test";
		};
		91E26CBD1C7DAC4500CC3D50 /* DogFrameUITests */ = {
			isa = PBXNativeTarget;
			buildConfigurationList = 91E26CCD1C7DAC4500CC3D50 /* Build configuration list for PBXNativeTarget "DogFrameUITests" */;
			buildPhases = (
				91E26CBA1C7DAC4500CC3D50 /* Sources */,
				91E26CBB1C7DAC4500CC3D50 /* Frameworks */,
				91E26CBC1C7DAC4500CC3D50 /* Resources */,
			);
			buildRules = (
			);
			dependencies = (
				91E26CC01C7DAC4500CC3D50 /* PBXTargetDependency */,
			);
			name = DogFrameUITests;
			productName = DogFrameUITests;
			productReference = 91E26CBE1C7DAC4500CC3D50 /* DogFrameUITests.xctest */;
			productType = "com.apple.product-type.bundle.ui-testing";
		};
/* End PBXNativeTarget section */

/* Begin PBXProject section */
		91E26C971C7DAC4500CC3D50 /* Project object */ = {
			isa = PBXProject;
			attributes = {
				LastSwiftUpdateCheck = 0720;
				LastUpgradeCheck = 0720;
				ORGANIZATIONNAME = "解杨";
				TargetAttributes = {
					91E26C9E1C7DAC4500CC3D50 = {
						CreatedOnToolsVersion = 7.2.1;
					};
					91E26CB21C7DAC4500CC3D50 = {
						CreatedOnToolsVersion = 7.2.1;
						TestTargetID = 91E26C9E1C7DAC4500CC3D50;
					};
					91E26CBD1C7DAC4500CC3D50 = {
						CreatedOnToolsVersion = 7.2.1;
						TestTargetID = 91E26C9E1C7DAC4500CC3D50;
					};
				};
			};
			buildConfigurationList = 91E26C9A1C7DAC4500CC3D50 /* Build configuration list for PBXProject "DogFrame" */;
			compatibilityVersion = "Xcode 3.2";
			developmentRegion = English;
			hasScannedForEncodings = 0;
			knownRegions = (
				en,
				Base,
			);
			mainGroup = 91E26C961C7DAC4500CC3D50;
			productRefGroup = 91E26CA01C7DAC4500CC3D50 /* Products */;
			projectDirPath = "";
			projectRoot = "";
			targets = (
				91E26C9E1C7DAC4500CC3D50 /* DogFrame */,
				91E26CB21C7DAC4500CC3D50 /* DogFrameTests */,
				91E26CBD1C7DAC4500CC3D50 /* DogFrameUITests */,
			);
		};
/* End PBXProject section */

/* Begin PBXResourcesBuildPhase section */
		91E26C9D1C7DAC4500CC3D50 /* Resources */ = {
			isa = PBXResourcesBuildPhase;
			buildActionMask = 2147483647;
			files = (
				91E26CAD1C7DAC4500CC3D50 /* LaunchScreen.storyboard in Resources */,
				91E26CAA1C7DAC4500CC3D50 /* Assets.xcassets in Resources */,
				91E26CA81C7DAC4500CC3D50 /* Main.storyboard in Resources */,
			);
			runOnlyForDeploymentPostprocessing = 0;
		};
		91E26CB11C7DAC4500CC3D50 /* Resources */ = {
			isa = PBXResourcesBuildPhase;
			buildActionMask = 2147483647;
			files = (
			);
			runOnlyForDeploymentPostprocessing = 0;
		};
		91E26CBC1C7DAC4500CC3D50 /* Resources */ = {
			isa = PBXResourcesBuildPhase;
			buildActionMask = 2147483647;
			files = (
			);
			runOnlyForDeploymentPostprocessing = 0;
		};
/* End PBXResourcesBuildPhase section */

/* Begin PBXSourcesBuildPhase section */
		91E26C9B1C7DAC4500CC3D50 /* Sources */ = {
			isa = PBXSourcesBuildPhase;
			buildActionMask = 2147483647;
			files = (
				91E26CD31C7DAC7F00CC3D50 /* DogFrame.swift in Sources */,
				91E26CA51C7DAC4500CC3D50 /* ViewController.swift in Sources */,
				91E26CA31C7DAC4500CC3D50 /* AppDelegate.swift in Sources */,
			);
			runOnlyForDeploymentPostprocessing = 0;
		};
		91E26CAF1C7DAC4500CC3D50 /* Sources */ = {
			isa = PBXSourcesBuildPhase;
			buildActionMask = 2147483647;
			files = (
				91E26CB81C7DAC4500CC3D50 /* DogFrameTests.swift in Sources */,
			);
			runOnlyForDeploymentPostprocessing = 0;
		};
		91E26CBA1C7DAC4500CC3D50 /* Sources */ = {
			isa = PBXSourcesBuildPhase;
			buildActionMask = 2147483647;
			files = (
				91E26CC31C7DAC4500CC3D50 /* DogFrameUITests.swift in Sources */,
			);
			runOnlyForDeploymentPostprocessing = 0;
		};
/* End PBXSourcesBuildPhase section */

/* Begin PBXTargetDependency section */
		91E26CB51C7DAC4500CC3D50 /* PBXTargetDependency */ = {
			isa = PBXTargetDependency;
			target = 91E26C9E1C7DAC4500CC3D50 /* DogFrame */;
			targetProxy = 91E26CB41C7DAC4500CC3D50 /* PBXContainerItemProxy */;
		};
		91E26CC01C7DAC4500CC3D50 /* PBXTargetDependency */ = {
			isa = PBXTargetDependency;
			target = 91E26C9E1C7DAC4500CC3D50 /* DogFrame */;
			targetProxy = 91E26CBF1C7DAC4500CC3D50 /* PBXContainerItemProxy */;
		};
/* End PBXTargetDependency section */

/* Begin PBXVariantGroup section */
		91E26CA61C7DAC4500CC3D50 /* Main.storyboard */ = {
			isa = PBXVariantGroup;
			children = (
				91E26CA71C7DAC4500CC3D50 /* Base */,
			);
			name = Main.storyboard;
			sourceTree = "<group>";
		};
		91E26CAB1C7DAC4500CC3D50 /* LaunchScreen.storyboard */ = {
			isa = PBXVariantGroup;
			children = (
				91E26CAC1C7DAC4500CC3D50 /* Base */,
			);
			name = LaunchScreen.storyboard;
			sourceTree = "<group>";
		};
/* End PBXVariantGroup section */

/* Begin XCBuildConfiguration section */
		91E26CC51C7DAC4500CC3D50 /* Debug */ = {
			isa = XCBuildConfiguration;
			buildSettings = {
				ALWAYS_SEARCH_USER_PATHS = NO;
				CLANG_CXX_LANGUAGE_STANDARD = "gnu++0x";
				CLANG_CXX_LIBRARY = "libc++";
				CLANG_ENABLE_MODULES = YES;
				CLANG_ENABLE_OBJC_ARC = YES;
				CLANG_WARN_BOOL_CONVERSION = YES;
				CLANG_WARN_CONSTANT_CONVERSION = YES;
				CLANG_WARN_DIRECT_OBJC_ISA_USAGE = YES_ERROR;
				CLANG_WARN_EMPTY_BODY = YES;
				CLANG_WARN_ENUM_CONVERSION = YES;
				CLANG_WARN_INT_CONVERSION = YES;
				CLANG_WARN_OBJC_ROOT_CLASS = YES_ERROR;
				CLANG_WARN_UNREACHABLE_CODE = YES;
				CLANG_WARN__DUPLICATE_METHOD_MATCH = YES;
				"CODE_SIGN_IDENTITY[sdk=iphoneos*]" = "iPhone Developer";
				COPY_PHASE_STRIP = NO;
				DEBUG_INFORMATION_FORMAT = dwarf;
				ENABLE_STRICT_OBJC_MSGSEND = YES;
				ENABLE_TESTABILITY = YES;
				GCC_C_LANGUAGE_STANDARD = gnu99;
				GCC_DYNAMIC_NO_PIC = NO;
				GCC_NO_COMMON_BLOCKS = YES;
				GCC_OPTIMIZATION_LEVEL = 0;
				GCC_PREPROCESSOR_DEFINITIONS = (
					"DEBUG=1",
					"$(inherited)",
				);
				GCC_WARN_64_TO_32_BIT_CONVERSION = YES;
				GCC_WARN_ABOUT_RETURN_TYPE = YES_ERROR;
				GCC_WARN_UNDECLARED_SELECTOR = YES;
				GCC_WARN_UNINITIALIZED_AUTOS = YES_AGGRESSIVE;
				GCC_WARN_UNUSED_FUNCTION = YES;
				GCC_WARN_UNUSED_VARIABLE = YES;
				IPHONEOS_DEPLOYMENT_TARGET = 9.2;
				MTL_ENABLE_DEBUG_INFO = YES;
				ONLY_ACTIVE_ARCH = YES;
				SDKROOT = iphoneos;
				SWIFT_OPTIMIZATION_LEVEL = "-Onone";
				TARGETED_DEVICE_FAMILY = "1,2";
			};
			name = Debug;
		};
		91E26CC61C7DAC4500CC3D50 /* Release */ = {
			isa = XCBuildConfiguration;
			buildSettings = {
				ALWAYS_SEARCH_USER_PATHS = NO;
				CLANG_CXX_LANGUAGE_STANDARD = "gnu++0x";
				CLANG_CXX_LIBRARY = "libc++";
				CLANG_ENABLE_MODULES = YES;
				CLANG_ENABLE_OBJC_ARC = YES;
				CLANG_WARN_BOOL_CONVERSION = YES;
				CLANG_WARN_CONSTANT_CONVERSION = YES;
				CLANG_WARN_DIRECT_OBJC_ISA_USAGE = YES_ERROR;
				CLANG_WARN_EMPTY_BODY = YES;
				CLANG_WARN_ENUM_CONVERSION = YES;
				CLANG_WARN_INT_CONVERSION = YES;
				CLANG_WARN_OBJC_ROOT_CLASS = YES_ERROR;
				CLANG_WARN_UNREACHABLE_CODE = YES;
				CLANG_WARN__DUPLICATE_METHOD_MATCH = YES;
				"CODE_SIGN_IDENTITY[sdk=iphoneos*]" = "iPhone Developer";
				COPY_PHASE_STRIP = NO;
				DEBUG_INFORMATION_FORMAT = "dwarf-with-dsym";
				ENABLE_NS_ASSERTIONS = NO;
				ENABLE_STRICT_OBJC_MSGSEND = YES;
				GCC_C_LANGUAGE_STANDARD = gnu99;
				GCC_NO_COMMON_BLOCKS = YES;
				GCC_WARN_64_TO_32_BIT_CONVERSION = YES;
				GCC_WARN_ABOUT_RETURN_TYPE = YES_ERROR;
				GCC_WARN_UNDECLARED_SELECTOR = YES;
				GCC_WARN_UNINITIALIZED_AUTOS = YES_AGGRESSIVE;
				GCC_WARN_UNUSED_FUNCTION = YES;
				GCC_WARN_UNUSED_VARIABLE = YES;
				IPHONEOS_DEPLOYMENT_TARGET = 9.2;
				MTL_ENABLE_DEBUG_INFO = NO;
				SDKROOT = iphoneos;
				TARGETED_DEVICE_FAMILY = "1,2";
				VALIDATE_PRODUCT = YES;
			};
			name = Release;
		};
		91E26CC81C7DAC4500CC3D50 /* Debug */ = {
			isa = XCBuildConfiguration;
			buildSettings = {
				ASSETCATALOG_COMPILER_APPICON_NAME = AppIcon;
				INFOPLIST_FILE = DogFrame/Info.plist;
				LD_RUNPATH_SEARCH_PATHS = "$(inherited) @executable_path/Frameworks";
				PRODUCT_BUNDLE_IDENTIFIER = "com.it-cn.DogFrame";
				PRODUCT_NAME = "$(TARGET_NAME)";
			};
			name = Debug;
		};
		91E26CC91C7DAC4500CC3D50 /* Release */ = {
			isa = XCBuildConfiguration;
			buildSettings = {
				ASSETCATALOG_COMPILER_APPICON_NAME = AppIcon;
				INFOPLIST_FILE = DogFrame/Info.plist;
				LD_RUNPATH_SEARCH_PATHS = "$(inherited) @executable_path/Frameworks";
				PRODUCT_BUNDLE_IDENTIFIER = "com.it-cn.DogFrame";
				PRODUCT_NAME = "$(TARGET_NAME)";
			};
			name = Release;
		};
		91E26CCB1C7DAC4500CC3D50 /* Debug */ = {
			isa = XCBuildConfiguration;
			buildSettings = {
				BUNDLE_LOADER = "$(TEST_HOST)";
				INFOPLIST_FILE = DogFrameTests/Info.plist;
				LD_RUNPATH_SEARCH_PATHS = "$(inherited) @executable_path/Frameworks @loader_path/Frameworks";
				PRODUCT_BUNDLE_IDENTIFIER = "com.it-cn.DogFrameTests";
				PRODUCT_NAME = "$(TARGET_NAME)";
				TEST_HOST = "$(BUILT_PRODUCTS_DIR)/DogFrame.app/DogFrame";
			};
			name = Debug;
		};
		91E26CCC1C7DAC4500CC3D50 /* Release */ = {
			isa = XCBuildConfiguration;
			buildSettings = {
				BUNDLE_LOADER = "$(TEST_HOST)";
				INFOPLIST_FILE = DogFrameTests/Info.plist;
				LD_RUNPATH_SEARCH_PATHS = "$(inherited) @executable_path/Frameworks @loader_path/Frameworks";
				PRODUCT_BUNDLE_IDENTIFIER = "com.it-cn.DogFrameTests";
				PRODUCT_NAME = "$(TARGET_NAME)";
				TEST_HOST = "$(BUILT_PRODUCTS_DIR)/DogFrame.app/DogFrame";
			};
			name = Release;
		};
		91E26CCE1C7DAC4500CC3D50 /* Debug */ = {
			isa = XCBuildConfiguration;
			buildSettings = {
				INFOPLIST_FILE = DogFrameUITests/Info.plist;
				LD_RUNPATH_SEARCH_PATHS = "$(inherited) @executable_path/Frameworks @loader_path/Frameworks";
				PRODUCT_BUNDLE_IDENTIFIER = "com.it-cn.DogFrameUITests";
				PRODUCT_NAME = "$(TARGET_NAME)";
				TEST_TARGET_NAME = DogFrame;
				USES_XCTRUNNER = YES;
			};
			name = Debug;
		};
		91E26CCF1C7DAC4500CC3D50 /* Release */ = {
			isa = XCBuildConfiguration;
			buildSettings = {
				INFOPLIST_FILE = DogFrameUITests/Info.plist;
				LD_RUNPATH_SEARCH_PATHS = "$(inherited) @executable_path/Frameworks @loader_path/Frameworks";
				PRODUCT_BUNDLE_IDENTIFIER = "com.it-cn.DogFrameUITests";
				PRODUCT_NAME = "$(TARGET_NAME)";
				TEST_TARGET_NAME = DogFrame;
				USES_XCTRUNNER = YES;
			};
			name = Release;
		};
/* End XCBuildConfiguration section */

/* Begin XCConfigurationList section */
		91E26C9A1C7DAC4500CC3D50 /* Build configuration list for PBXProject "DogFrame" */ = {
			isa = XCConfigurationList;
			buildConfigurations = (
				91E26CC51C7DAC4500CC3D50 /* Debug */,
				91E26CC61C7DAC4500CC3D50 /* Release */,
			);
			defaultConfigurationIsVisible = 0;
			defaultConfigurationName = Release;
		};
		91E26CC71C7DAC4500CC3D50 /* Build configuration list for PBXNativeTarget "DogFrame" */ = {
			isa = XCConfigurationList;
			buildConfigurations = (
				91E26CC81C7DAC4500CC3D50 /* Debug */,
				91E26CC91C7DAC4500CC3D50 /* Release */,
			);
			defaultConfigurationIsVisible = 0;
		};
		91E26CCA1C7DAC4500CC3D50 /* Build configuration list for PBXNativeTarget "DogFrameTests" */ = {
			isa = XCConfigurationList;
			buildConfigurations = (
				91E26CCB1C7DAC4500CC3D50 /* Debug */,
				91E26CCC1C7DAC4500CC3D50 /* Release */,
			);
			defaultConfigurationIsVisible = 0;
		};
		91E26CCD1C7DAC4500CC3D50 /* Build configuration list for PBXNativeTarget "DogFrameUITests" */ = {
			isa = XCConfigurationList;
			buildConfigurations = (
				91E26CCE1C7DAC4500CC3D50 /* Debug */,
				91E26CCF1C7DAC4500CC3D50 /* Release */,
			);
			defaultConfigurationIsVisible = 0;
		};
/* End XCConfigurationList section */
	};
	rootObject = 91E26C971C7DAC4500CC3D50 /* Project object */;
}
